
Microsoft Visual Studio Solution File, Format Version 12.00
# Visual Studio Version 16
VisualStudioVersion = 16.0.31025.194
MinimumVisualStudioVersion = 10.0.40219.1
Project("{FAE04EC0-301F-11D3-BF4B-00C04F79EFBC}") = "DotNet.Extras.Collections", "DotNet.Extras.Collections\DotNet.Extras.Collections.csproj", "{7D8EF890-68AC-4B47-BC30-17299DD0AB18}"
EndProject
Project("{FAE04EC0-301F-11D3-BF4B-00C04F79EFBC}") = "DotNet.Extras.Tools", "DotNet.Extras.Tools\DotNet.Extras.Tools.csproj", "{BC815F93-7203-48C5-BCB8-0892E5CBDD06}"
EndProject
Global
	GlobalSection(SolutionConfigurationPlatforms) = preSolution
		Debug|Any CPU = Debug|Any CPU
		Release|Any CPU = Release|Any CPU
	EndGlobalSection
	GlobalSection(ProjectConfigurationPlatforms) = postSolution
		{7D8EF890-68AC-4B47-BC30-17299DD0AB18}.Debug|Any CPU.ActiveCfg = Debug|Any CPU
		{7D8EF890-68AC-4B47-BC30-17299DD0AB18}.Debug|Any CPU.Build.0 = Debug|Any CPU
		{7D8EF890-68AC-4B47-BC30-17299DD0AB18}.Release|Any CPU.ActiveCfg = Release|Any CPU
		{7D8EF890-68AC-4B47-BC30-17299DD0AB18}.Release|Any CPU.Build.0 = Release|Any CPU
		{BC815F93-7203-48C5-BCB8-0892E5CBDD06}.Debug|Any CPU.ActiveCfg = Debug|Any CPU
		{BC815F93-7203-48C5-BCB8-0892E5CBDD06}.Debug|Any CPU.Build.0 = Debug|Any CPU
		{BC815F93-7203-48C5-BCB8-0892E5CBDD06}.Release|Any CPU.ActiveCfg = Release|Any CPU
		{BC815F93-7203-48C5-BCB8-0892E5CBDD06}.Release|Any CPU.Build.0 = Release|Any CPU
	EndGlobalSection
	GlobalSection(SolutionProperties) = preSolution
		HideSolutionNode = FALSE
	EndGlobalSection
	GlobalSection(ExtensibilityGlobals) = postSolution
		SolutionGuid = {A1B5940A-7B79-41C0-A7F7-A23E1D033220}
	EndGlobalSection
EndGlobal
